
Microsoft Visual Studio Solution File, Format Version 12.00
# Visual Studio Version 17
VisualStudioVersion = 17.11.35303.130
MinimumVisualStudioVersion = 10.0.40219.1
Project("{FAE04EC0-301F-11D3-BF4B-00C04F79EFBC}") = "SODV2101-Tic-Tac-Toc", "SODV2101-Tic-Tac-Toc.csproj", "{7074A768-DE03-45A6-98F2-E9AB1D572E05}"
EndProject
Global
	GlobalSection(SolutionConfigurationPlatforms) = preSolution
		Debug|Any CPU = Debug|Any CPU
		Release|Any CPU = Release|Any CPU
	EndGlobalSection
	GlobalSection(ProjectConfigurationPlatforms) = postSolution
		{7074A768-DE03-45A6-98F2-E9AB1D572E05}.Debug|Any CPU.ActiveCfg = Debug|Any CPU
		{7074A768-DE03-45A6-98F2-E9AB1D572E05}.Debug|Any CPU.Build.0 = Debug|Any CPU
		{7074A768-DE03-45A6-98F2-E9AB1D572E05}.Release|Any CPU.ActiveCfg = Release|Any CPU
		{7074A768-DE03-45A6-98F2-E9AB1D572E05}.Release|Any CPU.Build.0 = Release|Any CPU
	EndGlobalSection
	GlobalSection(SolutionProperties) = preSolution
		HideSolutionNode = FALSE
	EndGlobalSection
	GlobalSection(ExtensibilityGlobals) = postSolution
		SolutionGuid = {273AD107-624E-4E29-84D7-569C3DF9EEB1}
	EndGlobalSection
EndGlobal
